
Microsoft Visual Studio Solution File, Format Version 12.00
# Visual Studio Version 17
VisualStudioVersion = 17.10.34928.147
MinimumVisualStudioVersion = 10.0.40219.1
Project("{FAE04EC0-301F-11D3-BF4B-00C04F79EFBC}") = "ScratchCardApp", "ScratchCardApp\ScratchCardApp.csproj", "{EDE76CB7-9C54-477E-8BF6-6EB32B1135DA}"
EndProject
Project("{FAE04EC0-301F-11D3-BF4B-00C04F79EFBC}") = "ScratchCardTest", "ScratchCardTest\ScratchCardTest.csproj", "{736F05F3-C53B-4E16-AA0A-B903077545DE}"
EndProject
Global
	GlobalSection(SolutionConfigurationPlatforms) = preSolution
		Debug|Any CPU = Debug|Any CPU
		Release|Any CPU = Release|Any CPU
	EndGlobalSection
	GlobalSection(ProjectConfigurationPlatforms) = postSolution
		{EDE76CB7-9C54-477E-8BF6-6EB32B1135DA}.Debug|Any CPU.ActiveCfg = Debug|Any CPU
		{EDE76CB7-9C54-477E-8BF6-6EB32B1135DA}.Debug|Any CPU.Build.0 = Debug|Any CPU
		{EDE76CB7-9C54-477E-8BF6-6EB32B1135DA}.Release|Any CPU.ActiveCfg = Release|Any CPU
		{EDE76CB7-9C54-477E-8BF6-6EB32B1135DA}.Release|Any CPU.Build.0 = Release|Any CPU
		{736F05F3-C53B-4E16-AA0A-B903077545DE}.Debug|Any CPU.ActiveCfg = Debug|Any CPU
		{736F05F3-C53B-4E16-AA0A-B903077545DE}.Debug|Any CPU.Build.0 = Debug|Any CPU
		{736F05F3-C53B-4E16-AA0A-B903077545DE}.Release|Any CPU.ActiveCfg = Release|Any CPU
		{736F05F3-C53B-4E16-AA0A-B903077545DE}.Release|Any CPU.Build.0 = Release|Any CPU
	EndGlobalSection
	GlobalSection(SolutionProperties) = preSolution
		HideSolutionNode = FALSE
	EndGlobalSection
	GlobalSection(ExtensibilityGlobals) = postSolution
		SolutionGuid = {5A021224-B495-4781-A97D-BBAE984F53E4}
	EndGlobalSection
EndGlobal
